
Microsoft Visual Studio Solution File, Format Version 12.00
# Visual Studio Version 17
VisualStudioVersion = 17.4.33110.190
MinimumVisualStudioVersion = 10.0.40219.1
Project("{FAE04EC0-301F-11D3-BF4B-00C04F79EFBC}") = "Infrastructure.ConsultoriaMedico", "Infrastructure.ConsultoriaMedico\Infrastructure.ConsultoriaMedico.csproj", "{07CC1C77-F7A9-4500-9C58-EBA8A99DD0EC}"
EndProject
Project("{FAE04EC0-301F-11D3-BF4B-00C04F79EFBC}") = "Application.ConsultoriaMedico", "Application.ConsultoriaMedico\Application.ConsultoriaMedico.csproj", "{3D2FC374-1D4A-4BE0-BD87-E977025BBC5A}"
EndProject
Global
	GlobalSection(SolutionConfigurationPlatforms) = preSolution
		Debug|Any CPU = Debug|Any CPU
		Release|Any CPU = Release|Any CPU
	EndGlobalSection
	GlobalSection(ProjectConfigurationPlatforms) = postSolution
		{07CC1C77-F7A9-4500-9C58-EBA8A99DD0EC}.Debug|Any CPU.ActiveCfg = Debug|Any CPU
		{07CC1C77-F7A9-4500-9C58-EBA8A99DD0EC}.Debug|Any CPU.Build.0 = Debug|Any CPU
		{07CC1C77-F7A9-4500-9C58-EBA8A99DD0EC}.Release|Any CPU.ActiveCfg = Release|Any CPU
		{07CC1C77-F7A9-4500-9C58-EBA8A99DD0EC}.Release|Any CPU.Build.0 = Release|Any CPU
		{3D2FC374-1D4A-4BE0-BD87-E977025BBC5A}.Debug|Any CPU.ActiveCfg = Debug|Any CPU
		{3D2FC374-1D4A-4BE0-BD87-E977025BBC5A}.Debug|Any CPU.Build.0 = Debug|Any CPU
		{3D2FC374-1D4A-4BE0-BD87-E977025BBC5A}.Release|Any CPU.ActiveCfg = Release|Any CPU
		{3D2FC374-1D4A-4BE0-BD87-E977025BBC5A}.Release|Any CPU.Build.0 = Release|Any CPU
	EndGlobalSection
	GlobalSection(SolutionProperties) = preSolution
		HideSolutionNode = FALSE
	EndGlobalSection
	GlobalSection(ExtensibilityGlobals) = postSolution
		SolutionGuid = {520AF83F-15BE-42A5-A1C8-912AAD06992D}
	EndGlobalSection
EndGlobal
